// !$*UTF8*$!
{
	archiveVersion = 1;
	classes = {
	};
	objectVersion = 50;
	objects = {

/* Begin PBXBuildFile section */
		623D7639B54D706C73393D16 /* Pods_iosApp.framework in Frameworks */ = {isa = PBXBuildFile; fileRef = 00E25A861D24F8907409FCF8 /* Pods_iosApp.framework */; };
		D87318CC2721B812002727B5 /* AppDelegate.swift in Sources */ = {isa = PBXBuildFile; fileRef = D87318CB2721B812002727B5 /* AppDelegate.swift */; };
		D87318CE2721B812002727B5 /* SceneDelegate.swift in Sources */ = {isa = PBXBuildFile; fileRef = D87318CD2721B812002727B5 /* SceneDelegate.swift */; };
		D87318D02721B812002727B5 /* ViewController.swift in Sources */ = {isa = PBXBuildFile; fileRef = D87318CF2721B812002727B5 /* ViewController.swift */; };
		D87318D32721B812002727B5 /* Main.storyboard in Resources */ = {isa = PBXBuildFile; fileRef = D87318D12721B812002727B5 /* Main.storyboard */; };
		D87318D62721B812002727B5 /* iosApp.xcdatamodeld in Sources */ = {isa = PBXBuildFile; fileRef = D87318D42721B812002727B5 /* iosApp.xcdatamodeld */; };
		D87318D82721B816002727B5 /* Assets.xcassets in Resources */ = {isa = PBXBuildFile; fileRef = D87318D72721B816002727B5 /* Assets.xcassets */; };
		D87318DB2721B816002727B5 /* LaunchScreen.storyboard in Resources */ = {isa = PBXBuildFile; fileRef = D87318D92721B816002727B5 /* LaunchScreen.storyboard */; };
		D87318E62721B816002727B5 /* iosAppTests.swift in Sources */ = {isa = PBXBuildFile; fileRef = D87318E52721B816002727B5 /* iosAppTests.swift */; };
		D87318F12721B816002727B5 /* iosAppUITests.swift in Sources */ = {isa = PBXBuildFile; fileRef = D87318F02721B816002727B5 /* iosAppUITests.swift */; };
/* End PBXBuildFile section */

/* Begin PBXContainerItemProxy section */
		D87318E22721B816002727B5 /* PBXContainerItemProxy */ = {
			isa = PBXContainerItemProxy;
			containerPortal = D87318C02721B812002727B5 /* Project object */;
			proxyType = 1;
			remoteGlobalIDString = D87318C72721B812002727B5;
			remoteInfo = iosApp;
		};
		D87318ED2721B816002727B5 /* PBXContainerItemProxy */ = {
			isa = PBXContainerItemProxy;
			containerPortal = D87318C02721B812002727B5 /* Project object */;
			proxyType = 1;
			remoteGlobalIDString = D87318C72721B812002727B5;
			remoteInfo = iosApp;
		};
/* End PBXContainerItemProxy section */

/* Begin PBXFileReference section */
		00E25A861D24F8907409FCF8 /* Pods_iosApp.framework */ = {isa = PBXFileReference; explicitFileType = wrapper.framework; includeInIndex = 0; path = Pods_iosApp.framework; sourceTree = BUILT_PRODUCTS_DIR; };
		7BE4392A646E902C84D477BE /* Pods-iosApp.debug.xcconfig */ = {isa = PBXFileReference; includeInIndex = 1; lastKnownFileType = text.xcconfig; name = "Pods-iosApp.debug.xcconfig"; path = "Target Support Files/Pods-iosApp/Pods-iosApp.debug.xcconfig"; sourceTree = "<group>"; };
		9354CECD1DDD6DD8A4F245C3 /* Pods-iosApp.release.xcconfig */ = {isa = PBXFileReference; includeInIndex = 1; lastKnownFileType = text.xcconfig; name = "Pods-iosApp.release.xcconfig"; path = "Target Support Files/Pods-iosApp/Pods-iosApp.release.xcconfig"; sourceTree = "<group>"; };
		D87318C82721B812002727B5 /* iosApp.app */ = {isa = PBXFileReference; explicitFileType = wrapper.application; includeInIndex = 0; path = iosApp.app; sourceTree = BUILT_PRODUCTS_DIR; };
		D87318CB2721B812002727B5 /* AppDelegate.swift */ = {isa = PBXFileReference; lastKnownFileType = sourcecode.swift; path = AppDelegate.swift; sourceTree = "<group>"; };
		D87318CD2721B812002727B5 /* SceneDelegate.swift */ = {isa = PBXFileReference; lastKnownFileType = sourcecode.swift; path = SceneDelegate.swift; sourceTree = "<group>"; };
		D87318CF2721B812002727B5 /* ViewController.swift */ = {isa = PBXFileReference; lastKnownFileType = sourcecode.swift; path = ViewController.swift; sourceTree = "<group>"; };
		D87318D22721B812002727B5 /* Base */ = {isa = PBXFileReference; lastKnownFileType = file.storyboard; name = Base; path = Base.lproj/Main.storyboard; sourceTree = "<group>"; };
		D87318D52721B812002727B5 /* iosApp.xcdatamodel */ = {isa = PBXFileReference; lastKnownFileType = wrapper.xcdatamodel; path = iosApp.xcdatamodel; sourceTree = "<group>"; };
		D87318D72721B816002727B5 /* Assets.xcassets */ = {isa = PBXFileReference; lastKnownFileType = folder.assetcatalog; path = Assets.xcassets; sourceTree = "<group>"; };
		D87318DA2721B816002727B5 /* Base */ = {isa = PBXFileReference; lastKnownFileType = file.storyboard; name = Base; path = Base.lproj/LaunchScreen.storyboard; sourceTree = "<group>"; };
		D87318DC2721B816002727B5 /* Info.plist */ = {isa = PBXFileReference; lastKnownFileType = text.plist.xml; path = Info.plist; sourceTree = "<group>"; };
		D87318E12721B816002727B5 /* iosAppTests.xctest */ = {isa = PBXFileReference; explicitFileType = wrapper.cfbundle; includeInIndex = 0; path = iosAppTests.xctest; sourceTree = BUILT_PRODUCTS_DIR; };
		D87318E52721B816002727B5 /* iosAppTests.swift */ = {isa = PBXFileReference; lastKnownFileType = sourcecode.swift; path = iosAppTests.swift; sourceTree = "<group>"; };
		D87318E72721B816002727B5 /* Info.plist */ = {isa = PBXFileReference; lastKnownFileType = text.plist.xml; path = Info.plist; sourceTree = "<group>"; };
		D87318EC2721B816002727B5 /* iosAppUITests.xctest */ = {isa = PBXFileReference; explicitFileType = wrapper.cfbundle; includeInIndex = 0; path = iosAppUITests.xctest; sourceTree = BUILT_PRODUCTS_DIR; };
		D87318F02721B816002727B5 /* iosAppUITests.swift */ = {isa = PBXFileReference; lastKnownFileType = sourcecode.swift; path = iosAppUITests.swift; sourceTree = "<group>"; };
		D87318F22721B816002727B5 /* Info.plist */ = {isa = PBXFileReference; lastKnownFileType = text.plist.xml; path = Info.plist; sourceTree = "<group>"; };
/* End PBXFileReference section */

/* Begin PBXFrameworksBuildPhase section */
		D87318C52721B812002727B5 /* Frameworks */ = {
			isa = PBXFrameworksBuildPhase;
			buildActionMask = 2147483647;
			files = (
				623D7639B54D706C73393D16 /* Pods_iosApp.framework in Frameworks */,
			);
			runOnlyForDeploymentPostprocessing = 0;
		};
		D87318DE2721B816002727B5 /* Frameworks */ = {
			isa = PBXFrameworksBuildPhase;
			buildActionMask = 2147483647;
			files = (
			);
			runOnlyForDeploymentPostprocessing = 0;
		};
		D87318E92721B816002727B5 /* Frameworks */ = {
			isa = PBXFrameworksBuildPhase;
			buildActionMask = 2147483647;
			files = (
			);
			runOnlyForDeploymentPostprocessing = 0;
		};
/* End PBXFrameworksBuildPhase section */

/* Begin PBXGroup section */
		097AC76D26383769146DBFB6 /* Frameworks */ = {
			isa = PBXGroup;
			children = (
				00E25A861D24F8907409FCF8 /* Pods_iosApp.framework */,
			);
			name = Frameworks;
			sourceTree = "<group>";
		};
		D87318BF2721B812002727B5 = {
			isa = PBXGroup;
			children = (
				D87318CA2721B812002727B5 /* iosApp */,
				D87318E42721B816002727B5 /* iosAppTests */,
				D87318EF2721B816002727B5 /* iosAppUITests */,
				D87318C92721B812002727B5 /* Products */,
				E96F7A33681EA9796DC33C59 /* Pods */,
				097AC76D26383769146DBFB6 /* Frameworks */,
			);
			sourceTree = "<group>";
		};
		D87318C92721B812002727B5 /* Products */ = {
			isa = PBXGroup;
			children = (
				D87318C82721B812002727B5 /* iosApp.app */,
				D87318E12721B816002727B5 /* iosAppTests.xctest */,
				D87318EC2721B816002727B5 /* iosAppUITests.xctest */,
			);
			name = Products;
			sourceTree = "<group>";
		};
		D87318CA2721B812002727B5 /* iosApp */ = {
			isa = PBXGroup;
			children = (
				D87318CB2721B812002727B5 /* AppDelegate.swift */,
				D87318CD2721B812002727B5 /* SceneDelegate.swift */,
				D87318CF2721B812002727B5 /* ViewController.swift */,
				D87318D12721B812002727B5 /* Main.storyboard */,
				D87318D72721B816002727B5 /* Assets.xcassets */,
				D87318D92721B816002727B5 /* LaunchScreen.storyboard */,
				D87318DC2721B816002727B5 /* Info.plist */,
				D87318D42721B812002727B5 /* iosApp.xcdatamodeld */,
			);
			path = iosApp;
			sourceTree = "<group>";
		};
		D87318E42721B816002727B5 /* iosAppTests */ = {
			isa = PBXGroup;
			children = (
				D87318E52721B816002727B5 /* iosAppTests.swift */,
				D87318E72721B816002727B5 /* Info.plist */,
			);
			path = iosAppTests;
			sourceTree = "<group>";
		};
		D87318EF2721B816002727B5 /* iosAppUITests */ = {
			isa = PBXGroup;
			children = (
				D87318F02721B816002727B5 /* iosAppUITests.swift */,
				D87318F22721B816002727B5 /* Info.plist */,
			);
			path = iosAppUITests;
			sourceTree = "<group>";
		};
		E96F7A33681EA9796DC33C59 /* Pods */ = {
			isa = PBXGroup;
			children = (
				7BE4392A646E902C84D477BE /* Pods-iosApp.debug.xcconfig */,
				9354CECD1DDD6DD8A4F245C3 /* Pods-iosApp.release.xcconfig */,
			);
			name = Pods;
			path = Pods;
			sourceTree = "<group>";
		};
/* End PBXGroup section */

/* Begin PBXNativeTarget section */
		D87318C72721B812002727B5 /* iosApp */ = {
			isa = PBXNativeTarget;
			buildConfigurationList = D87318F52721B816002727B5 /* Build configuration list for PBXNativeTarget "iosApp" */;
			buildPhases = (
				3065508E3221A820309615FA /* [CP] Check Pods Manifest.lock */,
				D87318FE2721B88C002727B5 /* ShellScript */,
				D87318C42721B812002727B5 /* Sources */,
				D87318C52721B812002727B5 /* Frameworks */,
				D87318C62721B812002727B5 /* Resources */,
			);
			buildRules = (
			);
			dependencies = (
			);
			name = iosApp;
			productName = iosApp;
			productReference = D87318C82721B812002727B5 /* iosApp.app */;
			productType = "com.apple.product-type.application";
		};
		D87318E02721B816002727B5 /* iosAppTests */ = {
			isa = PBXNativeTarget;
			buildConfigurationList = D87318F82721B816002727B5 /* Build configuration list for PBXNativeTarget "iosAppTests" */;
			buildPhases = (
				D87318DD2721B816002727B5 /* Sources */,
				D87318DE2721B816002727B5 /* Frameworks */,
				D87318DF2721B816002727B5 /* Resources */,
			);
			buildRules = (
			);
			dependencies = (
				D87318E32721B816002727B5 /* PBXTargetDependency */,
			);
			name = iosAppTests;
			productName = iosAppTests;
			productReference = D87318E12721B816002727B5 /* iosAppTests.xctest */;
			productType = "com.apple.product-type.bundle.unit-test";
		};
		D87318EB2721B816002727B5 /* iosAppUITests */ = {
			isa = PBXNativeTarget;
			buildConfigurationList = D87318FB2721B816002727B5 /* Build configuration list for PBXNativeTarget "iosAppUITests" */;
			buildPhases = (
				D87318E82721B816002727B5 /* Sources */,
				D87318E92721B816002727B5 /* Frameworks */,
				D87318EA2721B816002727B5 /* Resources */,
			);
			buildRules = (
			);
			dependencies = (
				D87318EE2721B816002727B5 /* PBXTargetDependency */,
			);
			name = iosAppUITests;
			productName = iosAppUITests;
			productReference = D87318EC2721B816002727B5 /* iosAppUITests.xctest */;
			productType = "com.apple.product-type.bundle.ui-testing";
		};
/* End PBXNativeTarget section */

/* Begin PBXProject section */
		D87318C02721B812002727B5 /* Project object */ = {
			isa = PBXProject;
			attributes = {
				LastSwiftUpdateCheck = 1250;
				LastUpgradeCheck = 1250;
				TargetAttributes = {
					D87318C72721B812002727B5 = {
						CreatedOnToolsVersion = 12.5.1;
					};
					D87318E02721B816002727B5 = {
						CreatedOnToolsVersion = 12.5.1;
						TestTargetID = D87318C72721B812002727B5;
					};
					D87318EB2721B816002727B5 = {
						CreatedOnToolsVersion = 12.5.1;
						TestTargetID = D87318C72721B812002727B5;
					};
				};
			};
			buildConfigurationList = D87318C32721B812002727B5 /* Build configuration list for PBXProject "iosApp" */;
			compatibilityVersion = "Xcode 9.3";
			developmentRegion = en;
			hasScannedForEncodings = 0;
			knownRegions = (
				en,
				Base,
			);
			mainGroup = D87318BF2721B812002727B5;
			productRefGroup = D87318C92721B812002727B5 /* Products */;
			projectDirPath = "";
			projectRoot = "";
			targets = (
				D87318C72721B812002727B5 /* iosApp */,
				D87318E02721B816002727B5 /* iosAppTests */,
				D87318EB2721B816002727B5 /* iosAppUITests */,
			);
		};
/* End PBXProject section */

/* Begin PBXResourcesBuildPhase section */
		D87318C62721B812002727B5 /* Resources */ = {
			isa = PBXResourcesBuildPhase;
			buildActionMask = 2147483647;
			files = (
				D87318DB2721B816002727B5 /* LaunchScreen.storyboard in Resources */,
				D87318D82721B816002727B5 /* Assets.xcassets in Resources */,
				D87318D32721B812002727B5 /* Main.storyboard in Resources */,
			);
			runOnlyForDeploymentPostprocessing = 0;
		};
		D87318DF2721B816002727B5 /* Resources */ = {
			isa = PBXResourcesBuildPhase;
			buildActionMask = 2147483647;
			files = (
			);
			runOnlyForDeploymentPostprocessing = 0;
		};
		D87318EA2721B816002727B5 /* Resources */ = {
			isa = PBXResourcesBuildPhase;
			buildActionMask = 2147483647;
			files = (
			);
			runOnlyForDeploymentPostprocessing = 0;
		};
/* End PBXResourcesBuildPhase section */

/* Begin PBXShellScriptBuildPhase section */
		3065508E3221A820309615FA /* [CP] Check Pods Manifest.lock */ = {
			isa = PBXShellScriptBuildPhase;
			buildActionMask = 2147483647;
			files = (
			);
			inputFileListPaths = (
			);
			inputPaths = (
				"${PODS_PODFILE_DIR_PATH}/Podfile.lock",
				"${PODS_ROOT}/Manifest.lock",
			);
			name = "[CP] Check Pods Manifest.lock";
			outputFileListPaths = (
			);
			outputPaths = (
				"$(DERIVED_FILE_DIR)/Pods-iosApp-checkManifestLockResult.txt",
			);
			runOnlyForDeploymentPostprocessing = 0;
			shellPath = /bin/sh;
			shellScript = "diff \"${PODS_PODFILE_DIR_PATH}/Podfile.lock\" \"${PODS_ROOT}/Manifest.lock\" > /dev/null\nif [ $? != 0 ] ; then\n    # print error to STDERR\n    echo \"error: The sandbox is not in sync with the Podfile.lock. Run 'pod install' or update your CocoaPods installation.\" >&2\n    exit 1\nfi\n# This output is used by Xcode 'outputs' to avoid re-running this script phase.\necho \"SUCCESS\" > \"${SCRIPT_OUTPUT_FILE_0}\"\n";
			showEnvVarsInLog = 0;
		};
		D87318FE2721B88C002727B5 /* ShellScript */ = {
			isa = PBXShellScriptBuildPhase;
			buildActionMask = 2147483647;
			files = (
			);
			inputFileListPaths = (
			);
			inputPaths = (
			);
			outputFileListPaths = (
			);
			outputPaths = (
			);
			runOnlyForDeploymentPostprocessing = 0;
			shellPath = /bin/sh;
			shellScript = "cd \"$SRCROOT/..\"\n./gradlew :shared:embedAndSignAppleFrameworkForXcode\n";
		};
/* End PBXShellScriptBuildPhase section */

/* Begin PBXSourcesBuildPhase section */
		D87318C42721B812002727B5 /* Sources */ = {
			isa = PBXSourcesBuildPhase;
			buildActionMask = 2147483647;
			files = (
				D87318D02721B812002727B5 /* ViewController.swift in Sources */,
				D87318CC2721B812002727B5 /* AppDelegate.swift in Sources */,
				D87318CE2721B812002727B5 /* SceneDelegate.swift in Sources */,
				D87318D62721B812002727B5 /* iosApp.xcdatamodeld in Sources */,
			);
			runOnlyForDeploymentPostprocessing = 0;
		};
		D87318DD2721B816002727B5 /* Sources */ = {
			isa = PBXSourcesBuildPhase;
			buildActionMask = 2147483647;
			files = (
				D87318E62721B816002727B5 /* iosAppTests.swift in Sources */,
			);
			runOnlyForDeploymentPostprocessing = 0;
		};
		D87318E82721B816002727B5 /* Sources */ = {
			isa = PBXSourcesBuildPhase;
			buildActionMask = 2147483647;
			files = (
				D87318F12721B816002727B5 /* iosAppUITests.swift in Sources */,
			);
			runOnlyForDeploymentPostprocessing = 0;
		};
/* End PBXSourcesBuildPhase section */

/* Begin PBXTargetDependency section */
		D87318E32721B816002727B5 /* PBXTargetDependency */ = {
			isa = PBXTargetDependency;
			target = D87318C72721B812002727B5 /* iosApp */;
			targetProxy = D87318E22721B816002727B5 /* PBXContainerItemProxy */;
		};
		D87318EE2721B816002727B5 /* PBXTargetDependency */ = {
			isa = PBXTargetDependency;
			target = D87318C72721B812002727B5 /* iosApp */;
			targetProxy = D87318ED2721B816002727B5 /* PBXContainerItemProxy */;
		};
/* End PBXTargetDependency section */

/* Begin PBXVariantGroup section */
		D87318D12721B812002727B5 /* Main.storyboard */ = {
			isa = PBXVariantGroup;
			children = (
				D87318D22721B812002727B5 /* Base */,
			);
			name = Main.storyboard;
			sourceTree = "<group>";
		};
		D87318D92721B816002727B5 /* LaunchScreen.storyboard */ = {
			isa = PBXVariantGroup;
			children = (
				D87318DA2721B816002727B5 /* Base */,
			);
			name = LaunchScreen.storyboard;
			sourceTree = "<group>";
		};
/* End PBXVariantGroup section */

/* Begin XCBuildConfiguration section */
		D87318F32721B816002727B5 /* Debug */ = {
			isa = XCBuildConfiguration;
			buildSettings = {
				ALWAYS_SEARCH_USER_PATHS = NO;
				CLANG_ANALYZER_NONNULL = YES;
				CLANG_ANALYZER_NUMBER_OBJECT_CONVERSION = YES_AGGRESSIVE;
				CLANG_CXX_LANGUAGE_STANDARD = "gnu++14";
				CLANG_CXX_LIBRARY = "libc++";
				CLANG_ENABLE_MODULES = YES;
				CLANG_ENABLE_OBJC_ARC = YES;
				CLANG_ENABLE_OBJC_WEAK = YES;
				CLANG_WARN_BLOCK_CAPTURE_AUTORELEASING = YES;
				CLANG_WARN_BOOL_CONVERSION = YES;
				CLANG_WARN_COMMA = YES;
				CLANG_WARN_CONSTANT_CONVERSION = YES;
				CLANG_WARN_DEPRECATED_OBJC_IMPLEMENTATIONS = YES;
				CLANG_WARN_DIRECT_OBJC_ISA_USAGE = YES_ERROR;
				CLANG_WARN_DOCUMENTATION_COMMENTS = YES;
				CLANG_WARN_EMPTY_BODY = YES;
				CLANG_WARN_ENUM_CONVERSION = YES;
				CLANG_WARN_INFINITE_RECURSION = YES;
				CLANG_WARN_INT_CONVERSION = YES;
				CLANG_WARN_NON_LITERAL_NULL_CONVERSION = YES;
				CLANG_WARN_OBJC_IMPLICIT_RETAIN_SELF = YES;
				CLANG_WARN_OBJC_LITERAL_CONVERSION = YES;
				CLANG_WARN_OBJC_ROOT_CLASS = YES_ERROR;
				CLANG_WARN_QUOTED_INCLUDE_IN_FRAMEWORK_HEADER = YES;
				CLANG_WARN_RANGE_LOOP_ANALYSIS = YES;
				CLANG_WARN_STRICT_PROTOTYPES = YES;
				CLANG_WARN_SUSPICIOUS_MOVE = YES;
				CLANG_WARN_UNGUARDED_AVAILABILITY = YES_AGGRESSIVE;
				CLANG_WARN_UNREACHABLE_CODE = YES;
				CLANG_WARN__DUPLICATE_METHOD_MATCH = YES;
				COPY_PHASE_STRIP = NO;
				DEBUG_INFORMATION_FORMAT = dwarf;
				ENABLE_STRICT_OBJC_MSGSEND = YES;
				ENABLE_TESTABILITY = YES;
				GCC_C_LANGUAGE_STANDARD = gnu11;
				GCC_DYNAMIC_NO_PIC = NO;
				GCC_NO_COMMON_BLOCKS = YES;
				GCC_OPTIMIZATION_LEVEL = 0;
				GCC_PREPROCESSOR_DEFINITIONS = (
					"DEBUG=1",
					"$(inherited)",
				);
				GCC_WARN_64_TO_32_BIT_CONVERSION = YES;
				GCC_WARN_ABOUT_RETURN_TYPE = YES_ERROR;
				GCC_WARN_UNDECLARED_SELECTOR = YES;
				GCC_WARN_UNINITIALIZED_AUTOS = YES_AGGRESSIVE;
				GCC_WARN_UNUSED_FUNCTION = YES;
				GCC_WARN_UNUSED_VARIABLE = YES;
				IPHONEOS_DEPLOYMENT_TARGET = 14.5;
				MTL_ENABLE_DEBUG_INFO = INCLUDE_SOURCE;
				MTL_FAST_MATH = YES;
				ONLY_ACTIVE_ARCH = YES;
				SDKROOT = iphoneos;
				SWIFT_ACTIVE_COMPILATION_CONDITIONS = DEBUG;
				SWIFT_OPTIMIZATION_LEVEL = "-Onone";
			};
			name = Debug;
		};
		D87318F42721B816002727B5 /* Release */ = {
			isa = XCBuildConfiguration;
			buildSettings = {
				ALWAYS_SEARCH_USER_PATHS = NO;
				CLANG_ANALYZER_NONNULL = YES;
				CLANG_ANALYZER_NUMBER_OBJECT_CONVERSION = YES_AGGRESSIVE;
				CLANG_CXX_LANGUAGE_STANDARD = "gnu++14";
				CLANG_CXX_LIBRARY = "libc++";
				CLANG_ENABLE_MODULES = YES;
				CLANG_ENABLE_OBJC_ARC = YES;
				CLANG_ENABLE_OBJC_WEAK = YES;
				CLANG_WARN_BLOCK_CAPTURE_AUTORELEASING = YES;
				CLANG_WARN_BOOL_CONVERSION = YES;
				CLANG_WARN_COMMA = YES;
				CLANG_WARN_CONSTANT_CONVERSION = YES;
				CLANG_WARN_DEPRECATED_OBJC_IMPLEMENTATIONS = YES;
				CLANG_WARN_DIRECT_OBJC_ISA_USAGE = YES_ERROR;
				CLANG_WARN_DOCUMENTATION_COMMENTS = YES;
				CLANG_WARN_EMPTY_BODY = YES;
				CLANG_WARN_ENUM_CONVERSION = YES;
				CLANG_WARN_INFINITE_RECURSION = YES;
				CLANG_WARN_INT_CONVERSION = YES;
				CLANG_WARN_NON_LITERAL_NULL_CONVERSION = YES;
				CLANG_WARN_OBJC_IMPLICIT_RETAIN_SELF = YES;
				CLANG_WARN_OBJC_LITERAL_CONVERSION = YES;
				CLANG_WARN_OBJC_ROOT_CLASS = YES_ERROR;
				CLANG_WARN_QUOTED_INCLUDE_IN_FRAMEWORK_HEADER = YES;
				CLANG_WARN_RANGE_LOOP_ANALYSIS = YES;
				CLANG_WARN_STRICT_PROTOTYPES = YES;
				CLANG_WARN_SUSPICIOUS_MOVE = YES;
				CLANG_WARN_UNGUARDED_AVAILABILITY = YES_AGGRESSIVE;
				CLANG_WARN_UNREACHABLE_CODE = YES;
				CLANG_WARN__DUPLICATE_METHOD_MATCH = YES;
				COPY_PHASE_STRIP = NO;
				DEBUG_INFORMATION_FORMAT = "dwarf-with-dsym";
				ENABLE_NS_ASSERTIONS = NO;
				ENABLE_STRICT_OBJC_MSGSEND = YES;
				GCC_C_LANGUAGE_STANDARD = gnu11;
				GCC_NO_COMMON_BLOCKS = YES;
				GCC_WARN_64_TO_32_BIT_CONVERSION = YES;
				GCC_WARN_ABOUT_RETURN_TYPE = YES_ERROR;
				GCC_WARN_UNDECLARED_SELECTOR = YES;
				GCC_WARN_UNINITIALIZED_AUTOS = YES_AGGRESSIVE;
				GCC_WARN_UNUSED_FUNCTION = YES;
				GCC_WARN_UNUSED_VARIABLE = YES;
				IPHONEOS_DEPLOYMENT_TARGET = 14.5;
				MTL_ENABLE_DEBUG_INFO = NO;
				MTL_FAST_MATH = YES;
				SDKROOT = iphoneos;
				SWIFT_COMPILATION_MODE = wholemodule;
				SWIFT_OPTIMIZATION_LEVEL = "-O";
				VALIDATE_PRODUCT = YES;
			};
			name = Release;
		};
		D87318F62721B816002727B5 /* Debug */ = {
			isa = XCBuildConfiguration;
			baseConfigurationReference = 7BE4392A646E902C84D477BE /* Pods-iosApp.debug.xcconfig */;
			buildSettings = {
				ASSETCATALOG_COMPILER_APPICON_NAME = AppIcon;
				ASSETCATALOG_COMPILER_GLOBAL_ACCENT_COLOR_NAME = AccentColor;
				CODE_SIGN_STYLE = Automatic;
				DEVELOPMENT_TEAM = 2C22MY37W5;
				FRAMEWORK_SEARCH_PATHS = "$(SRCROOT)/../shared/build/xcode-frameworks/$(CONFIGURATION)/$(SDK_NAME)";
				INFOPLIST_FILE = iosApp/Info.plist;
				LD_RUNPATH_SEARCH_PATHS = (
					"$(inherited)",
					"@executable_path/Frameworks",
				);
				OTHER_LDFLAGS = (
					"$(inherited)",
					"-framework",
					shared,
				);
				PRODUCT_BUNDLE_IDENTIFIER = com.nathan.kmm.app.iosApp;
				PRODUCT_NAME = "$(TARGET_NAME)";
				SWIFT_VERSION = 5.0;
				TARGETED_DEVICE_FAMILY = "1,2";
			};
			name = Debug;
		};
		D87318F72721B816002727B5 /* Release */ = {
			isa = XCBuildConfiguration;
			baseConfigurationReference = 9354CECD1DDD6DD8A4F245C3 /* Pods-iosApp.release.xcconfig */;
			buildSettings = {
				ASSETCATALOG_COMPILER_APPICON_NAME = AppIcon;
				ASSETCATALOG_COMPILER_GLOBAL_ACCENT_COLOR_NAME = AccentColor;
				CODE_SIGN_STYLE = Automatic;
				DEVELOPMENT_TEAM = 2C22MY37W5;
				FRAMEWORK_SEARCH_PATHS = "$(SRCROOT)/../shared/build/xcode-frameworks/$(CONFIGURATION)/$(SDK_NAME)";
				INFOPLIST_FILE = iosApp/Info.plist;
				LD_RUNPATH_SEARCH_PATHS = (
					"$(inherited)",
					"@executable_path/Frameworks",
				);
				OTHER_LDFLAGS = (
					"$(inherited)",
					"-framework",
					shared,
				);
				PRODUCT_BUNDLE_IDENTIFIER = com.nathan.kmm.app.iosApp;
				PRODUCT_NAME = "$(TARGET_NAME)";
				SWIFT_VERSION = 5.0;
				TARGETED_DEVICE_FAMILY = "1,2";
			};
			name = Release;
		};
		D87318F92721B816002727B5 /* Debug */ = {
			isa = XCBuildConfiguration;
			buildSettings = {
				ALWAYS_EMBED_SWIFT_STANDARD_LIBRARIES = YES;
				BUNDLE_LOADER = "$(TEST_HOST)";
				CODE_SIGN_STYLE = Automatic;
				DEVELOPMENT_TEAM = 2C22MY37W5;
				INFOPLIST_FILE = iosAppTests/Info.plist;
				IPHONEOS_DEPLOYMENT_TARGET = 14.5;
				LD_RUNPATH_SEARCH_PATHS = (
					"$(inherited)",
					"@executable_path/Frameworks",
					"@loader_path/Frameworks",
				);
				PRODUCT_BUNDLE_IDENTIFIER = com.nathan.kmm.app.iosAppTests;
				PRODUCT_NAME = "$(TARGET_NAME)";
				SWIFT_VERSION = 5.0;
				TARGETED_DEVICE_FAMILY = "1,2";
				TEST_HOST = "$(BUILT_PRODUCTS_DIR)/iosApp.app/iosApp";
			};
			name = Debug;
		};
		D87318FA2721B816002727B5 /* Release */ = {
			isa = XCBuildConfiguration;
			buildSettings = {
				ALWAYS_EMBED_SWIFT_STANDARD_LIBRARIES = YES;
				BUNDLE_LOADER = "$(TEST_HOST)";
				CODE_SIGN_STYLE = Automatic;
				DEVELOPMENT_TEAM = 2C22MY37W5;
				INFOPLIST_FILE = iosAppTests/Info.plist;
				IPHONEOS_DEPLOYMENT_TARGET = 14.5;
				LD_RUNPATH_SEARCH_PATHS = (
					"$(inherited)",
					"@executable_path/Frameworks",
					"@loader_path/Frameworks",
				);
				PRODUCT_BUNDLE_IDENTIFIER = com.nathan.kmm.app.iosAppTests;
				PRODUCT_NAME = "$(TARGET_NAME)";
				SWIFT_VERSION = 5.0;
				TARGETED_DEVICE_FAMILY = "1,2";
				TEST_HOST = "$(BUILT_PRODUCTS_DIR)/iosApp.app/iosApp";
			};
			name = Release;
		};
		D87318FC2721B816002727B5 /* Debug */ = {
			isa = XCBuildConfiguration;
			buildSettings = {
				ALWAYS_EMBED_SWIFT_STANDARD_LIBRARIES = YES;
				CODE_SIGN_STYLE = Automatic;
				DEVELOPMENT_TEAM = 2C22MY37W5;
				INFOPLIST_FILE = iosAppUITests/Info.plist;
				LD_RUNPATH_SEARCH_PATHS = (
					"$(inherited)",
					"@executable_path/Frameworks",
					"@loader_path/Frameworks",
				);
				PRODUCT_BUNDLE_IDENTIFIER = com.nathan.kmm.app.iosAppUITests;
				PRODUCT_NAME = "$(TARGET_NAME)";
				SWIFT_VERSION = 5.0;
				TARGETED_DEVICE_FAMILY = "1,2";
				TEST_TARGET_NAME = iosApp;
			};
			name = Debug;
		};
		D87318FD2721B816002727B5 /* Release */ = {
			isa = XCBuildConfiguration;
			buildSettings = {
				ALWAYS_EMBED_SWIFT_STANDARD_LIBRARIES = YES;
				CODE_SIGN_STYLE = Automatic;
				DEVELOPMENT_TEAM = 2C22MY37W5;
				INFOPLIST_FILE = iosAppUITests/Info.plist;
				LD_RUNPATH_SEARCH_PATHS = (
					"$(inherited)",
					"@executable_path/Frameworks",
					"@loader_path/Frameworks",
				);
				PRODUCT_BUNDLE_IDENTIFIER = com.nathan.kmm.app.iosAppUITests;
				PRODUCT_NAME = "$(TARGET_NAME)";
				SWIFT_VERSION = 5.0;
				TARGETED_DEVICE_FAMILY = "1,2";
				TEST_TARGET_NAME = iosApp;
			};
			name = Release;
		};
/* End XCBuildConfiguration section */

/* Begin XCConfigurationList section */
		D87318C32721B812002727B5 /* Build configuration list for PBXProject "iosApp" */ = {
			isa = XCConfigurationList;
			buildConfigurations = (
				D87318F32721B816002727B5 /* Debug */,
				D87318F42721B816002727B5 /* Release */,
			);
			defaultConfigurationIsVisible = 0;
			defaultConfigurationName = Release;
		};
		D87318F52721B816002727B5 /* Build configuration list for PBXNativeTarget "iosApp" */ = {
			isa = XCConfigurationList;
			buildConfigurations = (
				D87318F62721B816002727B5 /* Debug */,
				D87318F72721B816002727B5 /* Release */,
			);
			defaultConfigurationIsVisible = 0;
			defaultConfigurationName = Release;
		};
		D87318F82721B816002727B5 /* Build configuration list for PBXNativeTarget "iosAppTests" */ = {
			isa = XCConfigurationList;
			buildConfigurations = (
				D87318F92721B816002727B5 /* Debug */,
				D87318FA2721B816002727B5 /* Release */,
			);
			defaultConfigurationIsVisible = 0;
			defaultConfigurationName = Release;
		};
		D87318FB2721B816002727B5 /* Build configuration list for PBXNativeTarget "iosAppUITests" */ = {
			isa = XCConfigurationList;
			buildConfigurations = (
				D87318FC2721B816002727B5 /* Debug */,
				D87318FD2721B816002727B5 /* Release */,
			);
			defaultConfigurationIsVisible = 0;
			defaultConfigurationName = Release;
		};
/* End XCConfigurationList section */

/* Begin XCVersionGroup section */
		D87318D42721B812002727B5 /* iosApp.xcdatamodeld */ = {
			isa = XCVersionGroup;
			children = (
				D87318D52721B812002727B5 /* iosApp.xcdatamodel */,
			);
			currentVersion = D87318D52721B812002727B5 /* iosApp.xcdatamodel */;
			path = iosApp.xcdatamodeld;
			sourceTree = "<group>";
			versionGroupType = wrapper.xcdatamodel;
		};
/* End XCVersionGroup section */
	};
	rootObject = D87318C02721B812002727B5 /* Project object */;
}
